
Microsoft Visual Studio Solution File, Format Version 12.00
Project("{2150E333-8FDC-42A3-9474-1A3956D46DE8}") = "Modules", "Modules", "{B51C52AE-EBA6-41ED-BC54-2462E78C3862}"
EndProject
Project("{2150E333-8FDC-42A3-9474-1A3956D46DE8}") = "Shared", "Shared", "{09A51429-C044-47AE-A05A-080D2B007568}"
EndProject
Project("{2150E333-8FDC-42A3-9474-1A3956D46DE8}") = "User", "User", "{C3F71E8D-2BFC-4AEF-8450-FFABDD9D2B84}"
EndProject
Project("{2150E333-8FDC-42A3-9474-1A3956D46DE8}") = "Email", "Email", "{C1C99D42-E618-4BEA-936F-A1E198B22C52}"
EndProject
Project("{FAE04EC0-301F-11D3-BF4B-00C04F79EFBC}") = "Forum.User.Core", "Forum.User.Core\Forum.User.Core.csproj", "{0A98E476-8351-4631-8E5A-DBDBAA7C28BF}"
EndProject
Project("{FAE04EC0-301F-11D3-BF4B-00C04F79EFBC}") = "Forum.User.Api", "Forum.User.Api\Forum.User.Api.csproj", "{14539D47-7304-410B-B56B-E75D22B121C6}"
EndProject
Project("{FAE04EC0-301F-11D3-BF4B-00C04F79EFBC}") = "Forum.User.Infrastructure", "Forum.User.Infrastructure\Forum.User.Infrastructure.csproj", "{A5C89DE9-211F-499C-B24D-3970CDBC5CDB}"
EndProject
Project("{2150E333-8FDC-42A3-9474-1A3956D46DE8}") = "Bootstraper", "Bootstraper", "{FC62D166-40CB-4D66-A1B3-56B449431530}"
EndProject
Project("{FAE04EC0-301F-11D3-BF4B-00C04F79EFBC}") = "Forum.Bootstraper", "Forum.Bootstraper\Forum.Bootstraper.csproj", "{6A0E5931-2555-4326-863A-900FFDCCFFD4}"
EndProject
Project("{FAE04EC0-301F-11D3-BF4B-00C04F79EFBC}") = "Forum.Shared.Abstractions", "Forum.Shared.Abstractions\Forum.Shared.Abstractions.csproj", "{9D90A656-C908-40F8-93F3-97D1A31A2EFF}"
EndProject
Project("{FAE04EC0-301F-11D3-BF4B-00C04F79EFBC}") = "Forum.Email.Core", "Forum.Email.Core\Forum.Email.Core.csproj", "{11A2AB53-5248-46B3-A323-87DD2B4ED551}"
EndProject
Project("{FAE04EC0-301F-11D3-BF4B-00C04F79EFBC}") = "Forum.User.IntergrationEvents", "Forum.User.IntergrationEvents\Forum.User.IntergrationEvents.csproj", "{C9483131-55F7-4C99-9CDA-AFCD62410E0E}"
EndProject
Global
	GlobalSection(SolutionConfigurationPlatforms) = preSolution
		Debug|Any CPU = Debug|Any CPU
		Release|Any CPU = Release|Any CPU
	EndGlobalSection
	GlobalSection(NestedProjects) = preSolution
		{C3F71E8D-2BFC-4AEF-8450-FFABDD9D2B84} = {B51C52AE-EBA6-41ED-BC54-2462E78C3862}
		{C1C99D42-E618-4BEA-936F-A1E198B22C52} = {B51C52AE-EBA6-41ED-BC54-2462E78C3862}
		{0A98E476-8351-4631-8E5A-DBDBAA7C28BF} = {C3F71E8D-2BFC-4AEF-8450-FFABDD9D2B84}
		{14539D47-7304-410B-B56B-E75D22B121C6} = {C3F71E8D-2BFC-4AEF-8450-FFABDD9D2B84}
		{A5C89DE9-211F-499C-B24D-3970CDBC5CDB} = {C3F71E8D-2BFC-4AEF-8450-FFABDD9D2B84}
		{FC62D166-40CB-4D66-A1B3-56B449431530} = {B51C52AE-EBA6-41ED-BC54-2462E78C3862}
		{6A0E5931-2555-4326-863A-900FFDCCFFD4} = {FC62D166-40CB-4D66-A1B3-56B449431530}
		{9D90A656-C908-40F8-93F3-97D1A31A2EFF} = {09A51429-C044-47AE-A05A-080D2B007568}
		{11A2AB53-5248-46B3-A323-87DD2B4ED551} = {C1C99D42-E618-4BEA-936F-A1E198B22C52}
		{C9483131-55F7-4C99-9CDA-AFCD62410E0E} = {C3F71E8D-2BFC-4AEF-8450-FFABDD9D2B84}
	EndGlobalSection
	GlobalSection(ProjectConfigurationPlatforms) = postSolution
		{0A98E476-8351-4631-8E5A-DBDBAA7C28BF}.Debug|Any CPU.ActiveCfg = Debug|Any CPU
		{0A98E476-8351-4631-8E5A-DBDBAA7C28BF}.Debug|Any CPU.Build.0 = Debug|Any CPU
		{0A98E476-8351-4631-8E5A-DBDBAA7C28BF}.Release|Any CPU.ActiveCfg = Release|Any CPU
		{0A98E476-8351-4631-8E5A-DBDBAA7C28BF}.Release|Any CPU.Build.0 = Release|Any CPU
		{14539D47-7304-410B-B56B-E75D22B121C6}.Debug|Any CPU.ActiveCfg = Debug|Any CPU
		{14539D47-7304-410B-B56B-E75D22B121C6}.Debug|Any CPU.Build.0 = Debug|Any CPU
		{14539D47-7304-410B-B56B-E75D22B121C6}.Release|Any CPU.ActiveCfg = Release|Any CPU
		{14539D47-7304-410B-B56B-E75D22B121C6}.Release|Any CPU.Build.0 = Release|Any CPU
		{A5C89DE9-211F-499C-B24D-3970CDBC5CDB}.Debug|Any CPU.ActiveCfg = Debug|Any CPU
		{A5C89DE9-211F-499C-B24D-3970CDBC5CDB}.Debug|Any CPU.Build.0 = Debug|Any CPU
		{A5C89DE9-211F-499C-B24D-3970CDBC5CDB}.Release|Any CPU.ActiveCfg = Release|Any CPU
		{A5C89DE9-211F-499C-B24D-3970CDBC5CDB}.Release|Any CPU.Build.0 = Release|Any CPU
		{6A0E5931-2555-4326-863A-900FFDCCFFD4}.Debug|Any CPU.ActiveCfg = Debug|Any CPU
		{6A0E5931-2555-4326-863A-900FFDCCFFD4}.Debug|Any CPU.Build.0 = Debug|Any CPU
		{6A0E5931-2555-4326-863A-900FFDCCFFD4}.Release|Any CPU.ActiveCfg = Release|Any CPU
		{6A0E5931-2555-4326-863A-900FFDCCFFD4}.Release|Any CPU.Build.0 = Release|Any CPU
		{9D90A656-C908-40F8-93F3-97D1A31A2EFF}.Debug|Any CPU.ActiveCfg = Debug|Any CPU
		{9D90A656-C908-40F8-93F3-97D1A31A2EFF}.Debug|Any CPU.Build.0 = Debug|Any CPU
		{9D90A656-C908-40F8-93F3-97D1A31A2EFF}.Release|Any CPU.ActiveCfg = Release|Any CPU
		{9D90A656-C908-40F8-93F3-97D1A31A2EFF}.Release|Any CPU.Build.0 = Release|Any CPU
		{11A2AB53-5248-46B3-A323-87DD2B4ED551}.Debug|Any CPU.ActiveCfg = Debug|Any CPU
		{11A2AB53-5248-46B3-A323-87DD2B4ED551}.Debug|Any CPU.Build.0 = Debug|Any CPU
		{11A2AB53-5248-46B3-A323-87DD2B4ED551}.Release|Any CPU.ActiveCfg = Release|Any CPU
		{11A2AB53-5248-46B3-A323-87DD2B4ED551}.Release|Any CPU.Build.0 = Release|Any CPU
		{C9483131-55F7-4C99-9CDA-AFCD62410E0E}.Debug|Any CPU.ActiveCfg = Debug|Any CPU
		{C9483131-55F7-4C99-9CDA-AFCD62410E0E}.Debug|Any CPU.Build.0 = Debug|Any CPU
		{C9483131-55F7-4C99-9CDA-AFCD62410E0E}.Release|Any CPU.ActiveCfg = Release|Any CPU
		{C9483131-55F7-4C99-9CDA-AFCD62410E0E}.Release|Any CPU.Build.0 = Release|Any CPU
	EndGlobalSection
EndGlobal
